
Microsoft Visual Studio Solution File, Format Version 12.00
# Visual Studio Version 16
VisualStudioVersion = 16.0.30114.105
MinimumVisualStudioVersion = 10.0.40219.1
Project("{FAE04EC0-301F-11D3-BF4B-00C04F79EFBC}") = "Application", "Application\Application.csproj", "{8713D9E3-6CF1-496F-8962-0F6042A177B3}"
EndProject
Project("{FAE04EC0-301F-11D3-BF4B-00C04F79EFBC}") = "Service", "Service\Service.csproj", "{6295C56B-1F30-412A-BF4E-C670DEEB531A}"
EndProject
Project("{FAE04EC0-301F-11D3-BF4B-00C04F79EFBC}") = "Domain", "Domain\Domain.csproj", "{6B34E069-0B10-410F-A6E9-30CBF6AA5813}"
EndProject
Project("{FAE04EC0-301F-11D3-BF4B-00C04F79EFBC}") = "Infrastructure", "Infrastructure\Infrastructure.csproj", "{AB1F8C3B-8EDF-4960-8F75-E97FAD67B524}"
EndProject
Project("{FAE04EC0-301F-11D3-BF4B-00C04F79EFBC}") = "Tests", "Tests\Tests.csproj", "{19B3D281-C497-46A4-9199-B0A71FFF7B40}"
EndProject
Global
	GlobalSection(SolutionConfigurationPlatforms) = preSolution
		Debug|Any CPU = Debug|Any CPU
		Debug|x64 = Debug|x64
		Debug|x86 = Debug|x86
		Release|Any CPU = Release|Any CPU
		Release|x64 = Release|x64
		Release|x86 = Release|x86
	EndGlobalSection
	GlobalSection(SolutionProperties) = preSolution
		HideSolutionNode = FALSE
	EndGlobalSection
	GlobalSection(ProjectConfigurationPlatforms) = postSolution
		{8713D9E3-6CF1-496F-8962-0F6042A177B3}.Debug|Any CPU.ActiveCfg = Debug|Any CPU
		{8713D9E3-6CF1-496F-8962-0F6042A177B3}.Debug|Any CPU.Build.0 = Debug|Any CPU
		{8713D9E3-6CF1-496F-8962-0F6042A177B3}.Debug|x64.ActiveCfg = Debug|Any CPU
		{8713D9E3-6CF1-496F-8962-0F6042A177B3}.Debug|x64.Build.0 = Debug|Any CPU
		{8713D9E3-6CF1-496F-8962-0F6042A177B3}.Debug|x86.ActiveCfg = Debug|Any CPU
		{8713D9E3-6CF1-496F-8962-0F6042A177B3}.Debug|x86.Build.0 = Debug|Any CPU
		{8713D9E3-6CF1-496F-8962-0F6042A177B3}.Release|Any CPU.ActiveCfg = Release|Any CPU
		{8713D9E3-6CF1-496F-8962-0F6042A177B3}.Release|Any CPU.Build.0 = Release|Any CPU
		{8713D9E3-6CF1-496F-8962-0F6042A177B3}.Release|x64.ActiveCfg = Release|Any CPU
		{8713D9E3-6CF1-496F-8962-0F6042A177B3}.Release|x64.Build.0 = Release|Any CPU
		{8713D9E3-6CF1-496F-8962-0F6042A177B3}.Release|x86.ActiveCfg = Release|Any CPU
		{8713D9E3-6CF1-496F-8962-0F6042A177B3}.Release|x86.Build.0 = Release|Any CPU
		{6295C56B-1F30-412A-BF4E-C670DEEB531A}.Debug|Any CPU.ActiveCfg = Debug|Any CPU
		{6295C56B-1F30-412A-BF4E-C670DEEB531A}.Debug|Any CPU.Build.0 = Debug|Any CPU
		{6295C56B-1F30-412A-BF4E-C670DEEB531A}.Debug|x64.ActiveCfg = Debug|Any CPU
		{6295C56B-1F30-412A-BF4E-C670DEEB531A}.Debug|x64.Build.0 = Debug|Any CPU
		{6295C56B-1F30-412A-BF4E-C670DEEB531A}.Debug|x86.ActiveCfg = Debug|Any CPU
		{6295C56B-1F30-412A-BF4E-C670DEEB531A}.Debug|x86.Build.0 = Debug|Any CPU
		{6295C56B-1F30-412A-BF4E-C670DEEB531A}.Release|Any CPU.ActiveCfg = Release|Any CPU
		{6295C56B-1F30-412A-BF4E-C670DEEB531A}.Release|Any CPU.Build.0 = Release|Any CPU
		{6295C56B-1F30-412A-BF4E-C670DEEB531A}.Release|x64.ActiveCfg = Release|Any CPU
		{6295C56B-1F30-412A-BF4E-C670DEEB531A}.Release|x64.Build.0 = Release|Any CPU
		{6295C56B-1F30-412A-BF4E-C670DEEB531A}.Release|x86.ActiveCfg = Release|Any CPU
		{6295C56B-1F30-412A-BF4E-C670DEEB531A}.Release|x86.Build.0 = Release|Any CPU
		{6B34E069-0B10-410F-A6E9-30CBF6AA5813}.Debug|Any CPU.ActiveCfg = Debug|Any CPU
		{6B34E069-0B10-410F-A6E9-30CBF6AA5813}.Debug|Any CPU.Build.0 = Debug|Any CPU
		{6B34E069-0B10-410F-A6E9-30CBF6AA5813}.Debug|x64.ActiveCfg = Debug|Any CPU
		{6B34E069-0B10-410F-A6E9-30CBF6AA5813}.Debug|x64.Build.0 = Debug|Any CPU
		{6B34E069-0B10-410F-A6E9-30CBF6AA5813}.Debug|x86.ActiveCfg = Debug|Any CPU
		{6B34E069-0B10-410F-A6E9-30CBF6AA5813}.Debug|x86.Build.0 = Debug|Any CPU
		{6B34E069-0B10-410F-A6E9-30CBF6AA5813}.Release|Any CPU.ActiveCfg = Release|Any CPU
		{6B34E069-0B10-410F-A6E9-30CBF6AA5813}.Release|Any CPU.Build.0 = Release|Any CPU
		{6B34E069-0B10-410F-A6E9-30CBF6AA5813}.Release|x64.ActiveCfg = Release|Any CPU
		{6B34E069-0B10-410F-A6E9-30CBF6AA5813}.Release|x64.Build.0 = Release|Any CPU
		{6B34E069-0B10-410F-A6E9-30CBF6AA5813}.Release|x86.ActiveCfg = Release|Any CPU
		{6B34E069-0B10-410F-A6E9-30CBF6AA5813}.Release|x86.Build.0 = Release|Any CPU
		{AB1F8C3B-8EDF-4960-8F75-E97FAD67B524}.Debug|Any CPU.ActiveCfg = Debug|Any CPU
		{AB1F8C3B-8EDF-4960-8F75-E97FAD67B524}.Debug|Any CPU.Build.0 = Debug|Any CPU
		{AB1F8C3B-8EDF-4960-8F75-E97FAD67B524}.Debug|x64.ActiveCfg = Debug|Any CPU
		{AB1F8C3B-8EDF-4960-8F75-E97FAD67B524}.Debug|x64.Build.0 = Debug|Any CPU
		{AB1F8C3B-8EDF-4960-8F75-E97FAD67B524}.Debug|x86.ActiveCfg = Debug|Any CPU
		{AB1F8C3B-8EDF-4960-8F75-E97FAD67B524}.Debug|x86.Build.0 = Debug|Any CPU
		{AB1F8C3B-8EDF-4960-8F75-E97FAD67B524}.Release|Any CPU.ActiveCfg = Release|Any CPU
		{AB1F8C3B-8EDF-4960-8F75-E97FAD67B524}.Release|Any CPU.Build.0 = Release|Any CPU
		{AB1F8C3B-8EDF-4960-8F75-E97FAD67B524}.Release|x64.ActiveCfg = Release|Any CPU
		{AB1F8C3B-8EDF-4960-8F75-E97FAD67B524}.Release|x64.Build.0 = Release|Any CPU
		{AB1F8C3B-8EDF-4960-8F75-E97FAD67B524}.Release|x86.ActiveCfg = Release|Any CPU
		{AB1F8C3B-8EDF-4960-8F75-E97FAD67B524}.Release|x86.Build.0 = Release|Any CPU
		{19B3D281-C497-46A4-9199-B0A71FFF7B40}.Debug|Any CPU.ActiveCfg = Debug|Any CPU
		{19B3D281-C497-46A4-9199-B0A71FFF7B40}.Debug|Any CPU.Build.0 = Debug|Any CPU
		{19B3D281-C497-46A4-9199-B0A71FFF7B40}.Debug|x64.ActiveCfg = Debug|Any CPU
		{19B3D281-C497-46A4-9199-B0A71FFF7B40}.Debug|x64.Build.0 = Debug|Any CPU
		{19B3D281-C497-46A4-9199-B0A71FFF7B40}.Debug|x86.ActiveCfg = Debug|Any CPU
		{19B3D281-C497-46A4-9199-B0A71FFF7B40}.Debug|x86.Build.0 = Debug|Any CPU
		{19B3D281-C497-46A4-9199-B0A71FFF7B40}.Release|Any CPU.ActiveCfg = Release|Any CPU
		{19B3D281-C497-46A4-9199-B0A71FFF7B40}.Release|Any CPU.Build.0 = Release|Any CPU
		{19B3D281-C497-46A4-9199-B0A71FFF7B40}.Release|x64.ActiveCfg = Release|Any CPU
		{19B3D281-C497-46A4-9199-B0A71FFF7B40}.Release|x64.Build.0 = Release|Any CPU
		{19B3D281-C497-46A4-9199-B0A71FFF7B40}.Release|x86.ActiveCfg = Release|Any CPU
		{19B3D281-C497-46A4-9199-B0A71FFF7B40}.Release|x86.Build.0 = Release|Any CPU
	EndGlobalSection
EndGlobal
